schema: '2.0'
stages:
  sync_images:
    cmd: python sync_images.py
    deps:
    - path: bm/BS_metadata.xlsx
      hash: md5
      md5: b7b96b066bce2f52d5f24ff3ac964df8
      size: 10771
    - path: sync_images.py
      hash: md5
      md5: 51ae1079759ac4fe89d01c9ffd8dfe1b
      size: 1071
    outs:
    - path: data/bm/images
      hash: md5
      md5: 9bd1b255065d925beccc014f14e0b071.dir
      size: 184406401
      nfiles: 98
